
Microsoft Visual Studio Solution File, Format Version 12.00
# Visual Studio Version 16
VisualStudioVersion = 16.0.29306.81
MinimumVisualStudioVersion = 10.0.40219.1
Project("{FAE04EC0-301F-11D3-BF4B-00C04F79EFBC}") = "Pintle.ItemCopyExtensions", "Pintle.ItemCopyExtensions\Pintle.ItemCopyExtensions.csproj", "{B72B0D3B-D9C8-4A58-930E-B85E37A4CE1E}"
EndProject
Global
	GlobalSection(SolutionConfigurationPlatforms) = preSolution
		Debug|Any CPU = Debug|Any CPU
		Release|Any CPU = Release|Any CPU
	EndGlobalSection
	GlobalSection(ProjectConfigurationPlatforms) = postSolution
		{B72B0D3B-D9C8-4A58-930E-B85E37A4CE1E}.Debug|Any CPU.ActiveCfg = Debug|Any CPU
		{B72B0D3B-D9C8-4A58-930E-B85E37A4CE1E}.Debug|Any CPU.Build.0 = Debug|Any CPU
		{B72B0D3B-D9C8-4A58-930E-B85E37A4CE1E}.Release|Any CPU.ActiveCfg = Release|Any CPU
		{B72B0D3B-D9C8-4A58-930E-B85E37A4CE1E}.Release|Any CPU.Build.0 = Release|Any CPU
	EndGlobalSection
	GlobalSection(SolutionProperties) = preSolution
		HideSolutionNode = FALSE
	EndGlobalSection
	GlobalSection(ExtensibilityGlobals) = postSolution
		SolutionGuid = {F15C614D-CD42-4635-A68E-C8BC011E3265}
	EndGlobalSection
EndGlobal
